
Microsoft Visual Studio Solution File, Format Version 12.00
# Visual Studio 15
VisualStudioVersion = 15.0.27428.2037
MinimumVisualStudioVersion = 10.0.40219.1
Project("{8BC9CEB8-8B4A-11D0-8D11-00A0C91BC942}") = "622", "622\622.vcxproj", "{362396B1-B471-4BA6-9E90-0ECF6250FB4E}"
EndProject
Global
	GlobalSection(SolutionConfigurationPlatforms) = preSolution
		Debug|x64 = Debug|x64
		Debug|x86 = Debug|x86
		Release|x64 = Release|x64
		Release|x86 = Release|x86
	EndGlobalSection
	GlobalSection(ProjectConfigurationPlatforms) = postSolution
		{362396B1-B471-4BA6-9E90-0ECF6250FB4E}.Debug|x64.ActiveCfg = Debug|x64
		{362396B1-B471-4BA6-9E90-0ECF6250FB4E}.Debug|x64.Build.0 = Debug|x64
		{362396B1-B471-4BA6-9E90-0ECF6250FB4E}.Debug|x86.ActiveCfg = Debug|Win32
		{362396B1-B471-4BA6-9E90-0ECF6250FB4E}.Debug|x86.Build.0 = Debug|Win32
		{362396B1-B471-4BA6-9E90-0ECF6250FB4E}.Release|x64.ActiveCfg = Release|x64
		{362396B1-B471-4BA6-9E90-0ECF6250FB4E}.Release|x64.Build.0 = Release|x64
		{362396B1-B471-4BA6-9E90-0ECF6250FB4E}.Release|x86.ActiveCfg = Release|Win32
		{362396B1-B471-4BA6-9E90-0ECF6250FB4E}.Release|x86.Build.0 = Release|Win32
	EndGlobalSection
	GlobalSection(SolutionProperties) = preSolution
		HideSolutionNode = FALSE
	EndGlobalSection
	GlobalSection(ExtensibilityGlobals) = postSolution
		SolutionGuid = {EA9D2343-2A43-4226-BC6B-B205AF0D72D2}
	EndGlobalSection
EndGlobal
