
Microsoft Visual Studio Solution File, Format Version 12.00
# Visual Studio 15
VisualStudioVersion = 15.0.27428.2037
MinimumVisualStudioVersion = 10.0.40219.1
Project("{8BC9CEB8-8B4A-11D0-8D11-00A0C91BC942}") = "Uglynumber", "Uglynumber\Uglynumber.vcxproj", "{FC952D71-8B4E-47AE-AAA7-57474C616A92}"
EndProject
Global
	GlobalSection(SolutionConfigurationPlatforms) = preSolution
		Debug|x64 = Debug|x64
		Debug|x86 = Debug|x86
		Release|x64 = Release|x64
		Release|x86 = Release|x86
	EndGlobalSection
	GlobalSection(ProjectConfigurationPlatforms) = postSolution
		{FC952D71-8B4E-47AE-AAA7-57474C616A92}.Debug|x64.ActiveCfg = Debug|x64
		{FC952D71-8B4E-47AE-AAA7-57474C616A92}.Debug|x64.Build.0 = Debug|x64
		{FC952D71-8B4E-47AE-AAA7-57474C616A92}.Debug|x86.ActiveCfg = Debug|Win32
		{FC952D71-8B4E-47AE-AAA7-57474C616A92}.Debug|x86.Build.0 = Debug|Win32
		{FC952D71-8B4E-47AE-AAA7-57474C616A92}.Release|x64.ActiveCfg = Release|x64
		{FC952D71-8B4E-47AE-AAA7-57474C616A92}.Release|x64.Build.0 = Release|x64
		{FC952D71-8B4E-47AE-AAA7-57474C616A92}.Release|x86.ActiveCfg = Release|Win32
		{FC952D71-8B4E-47AE-AAA7-57474C616A92}.Release|x86.Build.0 = Release|Win32
	EndGlobalSection
	GlobalSection(SolutionProperties) = preSolution
		HideSolutionNode = FALSE
	EndGlobalSection
	GlobalSection(ExtensibilityGlobals) = postSolution
		SolutionGuid = {109E59C8-FF82-49D6-B7DB-D21572A49479}
	EndGlobalSection
EndGlobal
