
Microsoft Visual Studio Solution File, Format Version 12.00
# Visual Studio 15
VisualStudioVersion = 15.0.27428.2037
MinimumVisualStudioVersion = 10.0.40219.1
Project("{9092AA53-FB77-4645-B42D-1CCCA6BD08BD}") = "first", "first\first.njsproj", "{22D31DE7-3CDC-4115-B0A1-CE0901C933E3}"
EndProject
Global
	GlobalSection(SolutionConfigurationPlatforms) = preSolution
		Debug|Any CPU = Debug|Any CPU
		Release|Any CPU = Release|Any CPU
	EndGlobalSection
	GlobalSection(ProjectConfigurationPlatforms) = postSolution
		{22D31DE7-3CDC-4115-B0A1-CE0901C933E3}.Debug|Any CPU.ActiveCfg = Debug|Any CPU
		{22D31DE7-3CDC-4115-B0A1-CE0901C933E3}.Debug|Any CPU.Build.0 = Debug|Any CPU
		{22D31DE7-3CDC-4115-B0A1-CE0901C933E3}.Release|Any CPU.ActiveCfg = Release|Any CPU
		{22D31DE7-3CDC-4115-B0A1-CE0901C933E3}.Release|Any CPU.Build.0 = Release|Any CPU
	EndGlobalSection
	GlobalSection(SolutionProperties) = preSolution
		HideSolutionNode = FALSE
	EndGlobalSection
	GlobalSection(ExtensibilityGlobals) = postSolution
		SolutionGuid = {40C98078-92D3-4A5C-AEC3-D35B2B365995}
	EndGlobalSection
EndGlobal
